
Microsoft Visual Studio Solution File, Format Version 12.00
# Visual Studio Version 17
VisualStudioVersion = 17.14.36109.1 d17.14
MinimumVisualStudioVersion = 10.0.40219.1
Project("{FAE04EC0-301F-11D3-BF4B-00C04F79EFBC}") = "DICOMizer", "DICOMizer.csproj", "{F5D64ABC-E517-4CB9-BAA0-C8EB696E049B}"
EndProject
Global
	GlobalSection(SolutionConfigurationPlatforms) = preSolution
		Debug|Any CPU = Debug|Any CPU
		Release|Any CPU = Release|Any CPU
	EndGlobalSection
	GlobalSection(ProjectConfigurationPlatforms) = postSolution
		{F5D64ABC-E517-4CB9-BAA0-C8EB696E049B}.Debug|Any CPU.ActiveCfg = Debug|Any CPU
		{F5D64ABC-E517-4CB9-BAA0-C8EB696E049B}.Debug|Any CPU.Build.0 = Debug|Any CPU
		{F5D64ABC-E517-4CB9-BAA0-C8EB696E049B}.Release|Any CPU.ActiveCfg = Release|Any CPU
		{F5D64ABC-E517-4CB9-BAA0-C8EB696E049B}.Release|Any CPU.Build.0 = Release|Any CPU
	EndGlobalSection
	GlobalSection(SolutionProperties) = preSolution
		HideSolutionNode = FALSE
	EndGlobalSection
	GlobalSection(ExtensibilityGlobals) = postSolution
		SolutionGuid = {5E3AD79C-128F-4AC5-9E1E-DB6A73BFDB27}
	EndGlobalSection
EndGlobal
